
Microsoft Visual Studio Solution File, Format Version 12.00
# Visual Studio Version 16
VisualStudioVersion = 16.0.31005.135
MinimumVisualStudioVersion = 10.0.40219.1
Project("{FAE04EC0-301F-11D3-BF4B-00C04F79EFBC}") = "StudentsAndProfessors", "StudentsAndProfessors.csproj", "{26EE24F3-EE52-472E-BC9B-A7B144AEE641}"
EndProject
Global
	GlobalSection(SolutionConfigurationPlatforms) = preSolution
		Debug|Any CPU = Debug|Any CPU
		Release|Any CPU = Release|Any CPU
	EndGlobalSection
	GlobalSection(ProjectConfigurationPlatforms) = postSolution
		{26EE24F3-EE52-472E-BC9B-A7B144AEE641}.Debug|Any CPU.ActiveCfg = Debug|Any CPU
		{26EE24F3-EE52-472E-BC9B-A7B144AEE641}.Debug|Any CPU.Build.0 = Debug|Any CPU
		{26EE24F3-EE52-472E-BC9B-A7B144AEE641}.Release|Any CPU.ActiveCfg = Release|Any CPU
		{26EE24F3-EE52-472E-BC9B-A7B144AEE641}.Release|Any CPU.Build.0 = Release|Any CPU
	EndGlobalSection
	GlobalSection(SolutionProperties) = preSolution
		HideSolutionNode = FALSE
	EndGlobalSection
	GlobalSection(ExtensibilityGlobals) = postSolution
		SolutionGuid = {AE3D4246-7233-4DCF-A6B2-A2FABC04D41C}
	EndGlobalSection
EndGlobal
